
Microsoft Visual Studio Solution File, Format Version 12.00
# Visual Studio Version 16
VisualStudioVersion = 16.0.29201.188
MinimumVisualStudioVersion = 10.0.40219.1
Project("{FAE04EC0-301F-11D3-BF4B-00C04F79EFBC}") = "TeamWork(galaga)", "TeamWork(galaga)\TeamWork(galaga).csproj", "{D9DE4E0E-7582-48DA-B575-2DEA3DE2ACFC}"
EndProject
Global
	GlobalSection(SolutionConfigurationPlatforms) = preSolution
		Debug|Any CPU = Debug|Any CPU
		Release|Any CPU = Release|Any CPU
	EndGlobalSection
	GlobalSection(ProjectConfigurationPlatforms) = postSolution
		{D9DE4E0E-7582-48DA-B575-2DEA3DE2ACFC}.Debug|Any CPU.ActiveCfg = Debug|Any CPU
		{D9DE4E0E-7582-48DA-B575-2DEA3DE2ACFC}.Debug|Any CPU.Build.0 = Debug|Any CPU
		{D9DE4E0E-7582-48DA-B575-2DEA3DE2ACFC}.Release|Any CPU.ActiveCfg = Release|Any CPU
		{D9DE4E0E-7582-48DA-B575-2DEA3DE2ACFC}.Release|Any CPU.Build.0 = Release|Any CPU
	EndGlobalSection
	GlobalSection(SolutionProperties) = preSolution
		HideSolutionNode = FALSE
	EndGlobalSection
	GlobalSection(ExtensibilityGlobals) = postSolution
		SolutionGuid = {F1F0E389-E52C-4D0E-B3F3-24EEC9C7373E}
	EndGlobalSection
EndGlobal
